# THIS IS AN AUTOGENERATED FILE. DO NOT EDIT THIS FILE DIRECTLY.
# yarn lockfile v1


"@ethersproject/address@^5.0.0-beta.125":
  version "5.0.0-beta.133"
  resolved "https://registry.yarnpkg.com/@ethersproject/address/-/address-5.0.0-beta.133.tgz#b6bf2c298da5701c61038e4cdfac2e0038b884ce"
  integrity sha512-7SjGhZ3xClqlmzqNNzESKlHbBeEzDWXIeKUBbSzK3Ce9PgK6uboiNe53fgqzhrRVOMhD1J4Q+oIm4DsTv37FWg==
  dependencies:
    "@ethersproject/bignumber" ">=5.0.0-beta.130"
    "@ethersproject/bytes" ">=5.0.0-beta.129"
    "@ethersproject/keccak256" ">=5.0.0-beta.127"
    "@ethersproject/logger" ">=5.0.0-beta.129"
    "@ethersproject/rlp" ">=5.0.0-beta.126"
    bn.js "^4.4.0"

"@ethersproject/bignumber@>=5.0.0-beta.130":
  version "5.0.0-beta.135"
  resolved "https://registry.yarnpkg.com/@ethersproject/bignumber/-/bignumber-5.0.0-beta.135.tgz#9d464df8967f5d314d109497e4f25ab82314c098"
  integrity sha512-7Tw2NgHzK7o+70bwyoaIZCbRycz+saWNU0sLOYnis3qYXwYsdTL+Rm0PMGA2v4jyHJt7BPS2pxGww+akVXbX+w==
  dependencies:
    "@ethersproject/bytes" ">=5.0.0-beta.129"
    "@ethersproject/logger" ">=5.0.0-beta.129"
    "@ethersproject/properties" ">=5.0.0-beta.131"
    bn.js "^4.4.0"

"@ethersproject/bytes@>=5.0.0-beta.129", "@ethersproject/bytes@^5.0.0-beta.126":
  version "5.0.0-beta.134"
  resolved "https://registry.yarnpkg.com/@ethersproject/bytes/-/bytes-5.0.0-beta.134.tgz#eb6b9a200be02d6d539f90086fbfad26ec63d0d5"
  integrity sha512-2BULy5x0BuHPRzuGjEYWndJieDaRAaZUbMk53fZjH4yjhKMHDGADQQOtaSD4wN+H183YOXMGdtlCrRGJ1N+uNg==
  dependencies:
    "@ethersproject/logger" ">=5.0.0-beta.129"

"@ethersproject/constants@>=5.0.0-beta.128":
  version "5.0.0-beta.132"
  resolved "https://registry.yarnpkg.com/@ethersproject/constants/-/constants-5.0.0-beta.132.tgz#068cc97493fbc1543299bda79e0e726310e129a4"
  integrity sha512-ioO7Ez8Xatk5z3lVzzEhRjXng1le1sTzfuD3v8gUozrzgLXyl0X81Go1Nadj7qPgo68HziIFcm5kRFp4SdJa0A==
  dependencies:
    "@ethersproject/bignumber" ">=5.0.0-beta.130"

"@ethersproject/keccak256@>=5.0.0-beta.127":
  version "5.0.0-beta.131"
  resolved "https://registry.yarnpkg.com/@ethersproject/keccak256/-/keccak256-5.0.0-beta.131.tgz#b5778723ee75208065b9b9ad30c71d480f41bb31"
  integrity sha512-KQnqMwGV0IMOjAr/UTFO8DuLrmN1uaMvcV3zh9hiXhh3rCuY+WXdeUh49w1VQ94kBKmaP0qfGb7z4SdhUWUHjw==
  dependencies:
    "@ethersproject/bytes" ">=5.0.0-beta.129"
    js-sha3 "0.5.7"

"@ethersproject/logger@>=5.0.0-beta.129":
  version "5.0.0-beta.133"
  resolved "https://registry.yarnpkg.com/@ethersproject/logger/-/logger-5.0.0-beta.133.tgz#2d62d495ed413c7045054d4f99a0fb4920079b2e"
  integrity sha512-1ISf7rFKFbMHlEB37JS7Oy3FgFlvzF2Ze2uFZMJHGKp9xgDvFy1VHNMBM1KrJPK4AqCZXww0//e2keLsN3g/Cw==

"@ethersproject/properties@>=5.0.0-beta.131":
  version "5.0.0-beta.135"
  resolved "https://registry.yarnpkg.com/@ethersproject/properties/-/properties-5.0.0-beta.135.tgz#51a0a5d72ca034b5ae845d43ed409eb3576a3ca7"
  integrity sha512-R4ROFaFh86n09eE+MWMPzaB87V5OSgqu0gtQ7LjUvkFF3eqdpdvLVD4N93hvCKNZcjGHI4WmazDUlpuXZVgDkA==
  dependencies:
    "@ethersproject/logger" ">=5.0.0-beta.129"

"@ethersproject/rlp@>=5.0.0-beta.126":
  version "5.0.0-beta.131"
  resolved "https://registry.yarnpkg.com/@ethersproject/rlp/-/rlp-5.0.0-beta.131.tgz#4a0c0c314e26ed7f01be6bca16308d629a8022d2"
  integrity sha512-sUJUGbywlnuk2frkSWzWiGenTrwOnrKQaNKJqjCGmK35x0WIzcR4/1gC6jWa0hpWJT6Seq6J6SCT5CS+ZWCFNw==
  dependencies:
    "@ethersproject/bytes" ">=5.0.0-beta.129"

"@ethersproject/strings@^5.0.0-beta.125":
  version "5.0.0-beta.135"
  resolved "https://registry.yarnpkg.com/@ethersproject/strings/-/strings-5.0.0-beta.135.tgz#7754a805831383bf1838cd097d26c6135e96a745"
  integrity sha512-MiZSJPhAQggXb3XA/XS4jmwmj5CsknMXk/XIzNZB7eYqEGA2i7sQV7+o6DOE+3lq5k5BhB8OaDziogNCOGAouA==
  dependencies:
    "@ethersproject/bytes" ">=5.0.0-beta.129"
    "@ethersproject/constants" ">=5.0.0-beta.128"
    "@ethersproject/logger" ">=5.0.0-beta.129"

"@walletconnect/core@^1.0.0-beta.39":
  version "1.0.0-beta.39"
  resolved "https://registry.yarnpkg.com/@walletconnect/core/-/core-1.0.0-beta.39.tgz#43d05dbabcaeea491c0ee213ed60d2236672010f"
  integrity sha512-cJSQe2Ao4okSvohNjA7Bs7Z+0BAznfVVTWBECIX/bGoSFpkAWabGY2Pn2gIYhobQMLSFpE6ZlZ4QfvlPO8HyPw==
  dependencies:
    "@walletconnect/types" "^1.0.0-beta.39"
    "@walletconnect/utils" "^1.0.0-beta.39"

"@walletconnect/types@^1.0.0-beta.39":
  version "1.0.0-beta.39"
  resolved "https://registry.yarnpkg.com/@walletconnect/types/-/types-1.0.0-beta.39.tgz#e84463f32d6c450376db3d0ce56f0ece6608bfa7"
  integrity sha512-YO/g1HVnFxcMNiUI9LEWEDe5uVHw8D7JzJol+bT71iXymzolnsbG32OayCJM9nHqT48Rpz1EGIno8EjW9jH2OQ==

"@walletconnect/utils@^1.0.0-beta.39":
  version "1.0.0-beta.39"
  resolved "https://registry.yarnpkg.com/@walletconnect/utils/-/utils-1.0.0-beta.39.tgz#8909b9cffa3999b046ce32cbb21b8ddca97b9183"
  integrity sha512-AOlhPkK+IUzGG5iDTupKdUwNW4on1aAj5NyLMMN1+htr06hqaCV8F9HeYibSen22wdSUuLXkIQNy3SR3LPcehA==
  dependencies:
    "@ethersproject/address" "^5.0.0-beta.125"
    "@ethersproject/bytes" "^5.0.0-beta.126"
    "@ethersproject/strings" "^5.0.0-beta.125"
    "@walletconnect/types" "^1.0.0-beta.39"
    bignumber.js "^8.1.1"

bignumber.js@^8.1.1:
  version "8.1.1"
  resolved "https://registry.yarnpkg.com/bignumber.js/-/bignumber.js-8.1.1.tgz#4b072ae5aea9c20f6730e4e5d529df1271c4d885"
  integrity sha512-QD46ppGintwPGuL1KqmwhR0O+N2cZUg8JG/VzwI2e28sM9TqHjQB10lI4QAaMHVbLzwVLLAwEglpKPViWX+5NQ==

bn.js@^4.4.0:
  version "4.11.8"
  resolved "https://registry.yarnpkg.com/bn.js/-/bn.js-4.11.8.tgz#2cde09eb5ee341f484746bb0309b3253b1b1442f"
  integrity sha512-ItfYfPLkWHUjckQCk8xC+LwxgK8NYcXywGigJgSwOP8Y2iyWT4f2vsZnoOXTTbo+o5yXmIUJ4gn5538SO5S3gA==

js-sha3@0.5.7:
  version "0.5.7"
  resolved "https://registry.yarnpkg.com/js-sha3/-/js-sha3-0.5.7.tgz#0d4ffd8002d5333aabaf4a23eed2f6374c9f28e7"
  integrity sha1-DU/9gALVMzqrr0oj7tL2N0yfKOc=

qrcode-terminal@^0.12.0:
  version "0.12.0"
  resolved "https://registry.yarnpkg.com/qrcode-terminal/-/qrcode-terminal-0.12.0.tgz#bb5b699ef7f9f0505092a3748be4464fe71b5819"
  integrity sha512-EXtzRZmC+YGmGlDFbXKxQiMZNwCLEO6BANKXG4iCtSIM0yqc/pappSx3RIKr4r0uh5JsBckOXeKrB3Iz7mdQpQ==
